
Microsoft Visual Studio Solution File, Format Version 12.00
# Visual Studio Version 17
VisualStudioVersion = 17.5.33424.131
MinimumVisualStudioVersion = 10.0.40219.1
Project("{FAE04EC0-301F-11D3-BF4B-00C04F79EFBC}") = "PrimeNumbers", "PrimeNumbers\PrimeNumbers.csproj", "{0EB5D3C7-239D-4C10-AF09-3004AE293833}"
EndProject
Global
	GlobalSection(SolutionConfigurationPlatforms) = preSolution
		Debug|Any CPU = Debug|Any CPU
		Release|Any CPU = Release|Any CPU
	EndGlobalSection
	GlobalSection(ProjectConfigurationPlatforms) = postSolution
		{0EB5D3C7-239D-4C10-AF09-3004AE293833}.Debug|Any CPU.ActiveCfg = Debug|Any CPU
		{0EB5D3C7-239D-4C10-AF09-3004AE293833}.Debug|Any CPU.Build.0 = Debug|Any CPU
		{0EB5D3C7-239D-4C10-AF09-3004AE293833}.Release|Any CPU.ActiveCfg = Release|Any CPU
		{0EB5D3C7-239D-4C10-AF09-3004AE293833}.Release|Any CPU.Build.0 = Release|Any CPU
	EndGlobalSection
	GlobalSection(SolutionProperties) = preSolution
		HideSolutionNode = FALSE
	EndGlobalSection
	GlobalSection(ExtensibilityGlobals) = postSolution
		SolutionGuid = {0C8C473C-5EC4-41A8-A74E-A3D69CAC8AC8}
	EndGlobalSection
EndGlobal
